
Microsoft Visual Studio Solution File, Format Version 12.00
# Visual Studio Version 17
VisualStudioVersion = 17.5.33516.290
MinimumVisualStudioVersion = 10.0.40219.1
Project("{FAE04EC0-301F-11D3-BF4B-00C04F79EFBC}") = "BlazorServerApp", "BlazorServerApp\BlazorServerApp.csproj", "{A41FEB9C-3F58-4677-9C38-5CAD65D546B4}"
EndProject
Project("{FAE04EC0-301F-11D3-BF4B-00C04F79EFBC}") = "BlazorWebAssemblyApp", "BlazorWebAssemblyApp\BlazorWebAssemblyApp.csproj", "{92E17BD0-BA65-4990-81EF-BE862E32FF3B}"
EndProject
Global
	GlobalSection(SolutionConfigurationPlatforms) = preSolution
		Debug|Any CPU = Debug|Any CPU
		Release|Any CPU = Release|Any CPU
	EndGlobalSection
	GlobalSection(ProjectConfigurationPlatforms) = postSolution
		{A41FEB9C-3F58-4677-9C38-5CAD65D546B4}.Debug|Any CPU.ActiveCfg = Debug|Any CPU
		{A41FEB9C-3F58-4677-9C38-5CAD65D546B4}.Debug|Any CPU.Build.0 = Debug|Any CPU
		{A41FEB9C-3F58-4677-9C38-5CAD65D546B4}.Release|Any CPU.ActiveCfg = Release|Any CPU
		{A41FEB9C-3F58-4677-9C38-5CAD65D546B4}.Release|Any CPU.Build.0 = Release|Any CPU
		{92E17BD0-BA65-4990-81EF-BE862E32FF3B}.Debug|Any CPU.ActiveCfg = Debug|Any CPU
		{92E17BD0-BA65-4990-81EF-BE862E32FF3B}.Debug|Any CPU.Build.0 = Debug|Any CPU
		{92E17BD0-BA65-4990-81EF-BE862E32FF3B}.Release|Any CPU.ActiveCfg = Release|Any CPU
		{92E17BD0-BA65-4990-81EF-BE862E32FF3B}.Release|Any CPU.Build.0 = Release|Any CPU
	EndGlobalSection
	GlobalSection(SolutionProperties) = preSolution
		HideSolutionNode = FALSE
	EndGlobalSection
	GlobalSection(ExtensibilityGlobals) = postSolution
		SolutionGuid = {6F09EAC5-ABA2-4C3F-B190-DB9F01949B2E}
	EndGlobalSection
EndGlobal
